{
    "_meta": {
        "hash": {
            "sha256": "86fd0199d1536103c327175a0bff43784a32d3d3c4399c4c8066d6950eda5be2"
        },
        "pipfile-spec": 6,
        "requires": {
            "python_version": "3.5"
        },
        "sources": [
            {
                "name": "pypi",
                "url": "https://pypi.org/simple",
                "verify_ssl": true
            }
        ]
    },
    "default": {
        "py-classification-cache": {
            "hashes": [
                "sha256:18e31d7fcb39f6100ebae32ca1829fe4b77da4c69cdab1e18be6b7719242350e",
                "sha256:fc243252ee4f83e158df644f590554af035b2442541423e67cfa23b4d5e93429"
            ],
            "index": "pypi",
            "version": "==0.0.2"
        },
        "pypinyin": {
            "hashes": [
                "sha256:66d486da68fdbe4fb99bd81f1cb64920d177f771c402ab2cb4334c59e16d01cc",
                "sha256:f4b3a97dc6cd20ad78e3c0b750b81ab79270acf5ea0b79b91f6409ed6e427271"
            ],
            "index": "pypi",
            "version": "==0.35.4"
        }
    },
    "develop": {}
}
